
Microsoft Visual Studio Solution File, Format Version 12.00
# Visual Studio Version 17
VisualStudioVersion = 17.1.32328.378
MinimumVisualStudioVersion = 10.0.40219.1
Project("{FAE04EC0-301F-11D3-BF4B-00C04F79EFBC}") = "StockPrice", "StockPrice\StockPrice.csproj", "{057BD359-C671-489F-8036-F469E0B6EC7A}"
EndProject
Global
	GlobalSection(SolutionConfigurationPlatforms) = preSolution
		Debug|Any CPU = Debug|Any CPU
		Release|Any CPU = Release|Any CPU
	EndGlobalSection
	GlobalSection(ProjectConfigurationPlatforms) = postSolution
		{057BD359-C671-489F-8036-F469E0B6EC7A}.Debug|Any CPU.ActiveCfg = Debug|Any CPU
		{057BD359-C671-489F-8036-F469E0B6EC7A}.Debug|Any CPU.Build.0 = Debug|Any CPU
		{057BD359-C671-489F-8036-F469E0B6EC7A}.Release|Any CPU.ActiveCfg = Release|Any CPU
		{057BD359-C671-489F-8036-F469E0B6EC7A}.Release|Any CPU.Build.0 = Release|Any CPU
	EndGlobalSection
	GlobalSection(SolutionProperties) = preSolution
		HideSolutionNode = FALSE
	EndGlobalSection
	GlobalSection(ExtensibilityGlobals) = postSolution
		SolutionGuid = {A2A240DF-619E-430F-B0D8-BFA808242EF5}
	EndGlobalSection
EndGlobal
